
Microsoft Visual Studio Solution File, Format Version 12.00
# Visual Studio 15
VisualStudioVersion = 15.0.28307.168
MinimumVisualStudioVersion = 10.0.40219.1
Project("{FAE04EC0-301F-11D3-BF4B-00C04F79EFBC}") = "ex7", "ex7\ex7.csproj", "{C8883018-1D72-41E5-AEDD-814B76FDC568}"
EndProject
Global
	GlobalSection(SolutionConfigurationPlatforms) = preSolution
		Debug|Any CPU = Debug|Any CPU
		Release|Any CPU = Release|Any CPU
	EndGlobalSection
	GlobalSection(ProjectConfigurationPlatforms) = postSolution
		{C8883018-1D72-41E5-AEDD-814B76FDC568}.Debug|Any CPU.ActiveCfg = Debug|Any CPU
		{C8883018-1D72-41E5-AEDD-814B76FDC568}.Debug|Any CPU.Build.0 = Debug|Any CPU
		{C8883018-1D72-41E5-AEDD-814B76FDC568}.Release|Any CPU.ActiveCfg = Release|Any CPU
		{C8883018-1D72-41E5-AEDD-814B76FDC568}.Release|Any CPU.Build.0 = Release|Any CPU
	EndGlobalSection
	GlobalSection(SolutionProperties) = preSolution
		HideSolutionNode = FALSE
	EndGlobalSection
	GlobalSection(ExtensibilityGlobals) = postSolution
		SolutionGuid = {A7228565-E949-412F-9540-86D7A517A6D1}
	EndGlobalSection
EndGlobal
